{
  "name": "client",
  "version": "1.0.0",
  "lockfileVersion": 2,
  "requires": true,
  "packages": {
    "": {
      "name": "client",
      "version": "1.0.0",
      "license": "ISC",
      "dependencies": {
        "three": "^0.146.0",
        "three.interactive": "^1.4.0"
      }
    },
    "node_modules/three": {
      "version": "0.146.0",
      "resolved": "https://registry.npmjs.org/three/-/three-0.146.0.tgz",
      "integrity": "sha512-1lvNfLezN6OJ9NaFAhfX4sm5e9YCzHtaRgZ1+B4C+Hv6TibRMsuBAM5/wVKzxjpYIlMymvgsHEFrrigEfXnb2A=="
    },
    "node_modules/three.interactive": {
      "version": "1.4.0",
      "resolved": "https://registry.npmjs.org/three.interactive/-/three.interactive-1.4.0.tgz",
      "integrity": "sha512-8Ymkk0+MH34vsMUtc4jFl7NOE/YlUidzRqpQ3Mp2Iyv06tURyqGUOV4+Exmm9XbFYuezVIushKCwgtGOBnvL0g==",
      "peerDependencies": {
        "three": ">= 0.122.0"
      }
    }
  },
  "dependencies": {
    "three": {
      "version": "0.146.0",
      "resolved": "https://registry.npmjs.org/three/-/three-0.146.0.tgz",
      "integrity": "sha512-1lvNfLezN6OJ9NaFAhfX4sm5e9YCzHtaRgZ1+B4C+Hv6TibRMsuBAM5/wVKzxjpYIlMymvgsHEFrrigEfXnb2A=="
    },
    "three.interactive": {
      "version": "1.4.0",
      "resolved": "https://registry.npmjs.org/three.interactive/-/three.interactive-1.4.0.tgz",
      "integrity": "sha512-8Ymkk0+MH34vsMUtc4jFl7NOE/YlUidzRqpQ3Mp2Iyv06tURyqGUOV4+Exmm9XbFYuezVIushKCwgtGOBnvL0g==",
      "requires": {}
    }
  }
}
